// !$*UTF8*$!
{
	archiveVersion = 1;
	classes = {
	};
	objectVersion = 50;
	objects = {

/* Begin PBXBuildFile section */
		57465BC1241816D700183540 /* Vec3.swift in Sources */ = {isa = PBXBuildFile; fileRef = 57465BBD241816D700183540 /* Vec3.swift */; };
		57465BC2241816D800183540 /* Hittable.swift in Sources */ = {isa = PBXBuildFile; fileRef = 57465BBE241816D700183540 /* Hittable.swift */; };
		57465BC3241816D800183540 /* Material.swift in Sources */ = {isa = PBXBuildFile; fileRef = 57465BBF241816D700183540 /* Material.swift */; };
		57465BC6241824B000183540 /* Sphere.swift in Sources */ = {isa = PBXBuildFile; fileRef = 57465BC5241824B000183540 /* Sphere.swift */; };
		57A179282419BC1500710A26 /* Random.swift in Sources */ = {isa = PBXBuildFile; fileRef = 57A179272419BC1500710A26 /* Random.swift */; };
		57A1792A241AB9E800710A26 /* Ray.swift in Sources */ = {isa = PBXBuildFile; fileRef = 57A17929241AB9E800710A26 /* Ray.swift */; };
		57B64AFB2417EEBC004A5638 /* main.swift in Sources */ = {isa = PBXBuildFile; fileRef = 57B64AFA2417EEBC004A5638 /* main.swift */; };
		57B64B042417EF6F004A5638 /* Camera.swift in Sources */ = {isa = PBXBuildFile; fileRef = 57B64B032417EF6F004A5638 /* Camera.swift */; };
/* End PBXBuildFile section */

/* Begin PBXCopyFilesBuildPhase section */
		57B64AF52417EEBC004A5638 /* CopyFiles */ = {
			isa = PBXCopyFilesBuildPhase;
			buildActionMask = 2147483647;
			dstPath = /usr/share/man/man1/;
			dstSubfolderSpec = 0;
			files = (
			);
			runOnlyForDeploymentPostprocessing = 1;
		};
/* End PBXCopyFilesBuildPhase section */

/* Begin PBXFileReference section */
		57465BBD241816D700183540 /* Vec3.swift */ = {isa = PBXFileReference; fileEncoding = 4; lastKnownFileType = sourcecode.swift; path = Vec3.swift; sourceTree = "<group>"; };
		57465BBE241816D700183540 /* Hittable.swift */ = {isa = PBXFileReference; fileEncoding = 4; lastKnownFileType = sourcecode.swift; path = Hittable.swift; sourceTree = "<group>"; };
		57465BBF241816D700183540 /* Material.swift */ = {isa = PBXFileReference; fileEncoding = 4; lastKnownFileType = sourcecode.swift; path = Material.swift; sourceTree = "<group>"; };
		57465BC5241824B000183540 /* Sphere.swift */ = {isa = PBXFileReference; lastKnownFileType = sourcecode.swift; path = Sphere.swift; sourceTree = "<group>"; };
		57A179272419BC1500710A26 /* Random.swift */ = {isa = PBXFileReference; lastKnownFileType = sourcecode.swift; path = Random.swift; sourceTree = "<group>"; };
		57A17929241AB9E800710A26 /* Ray.swift */ = {isa = PBXFileReference; fileEncoding = 4; lastKnownFileType = sourcecode.swift; path = Ray.swift; sourceTree = "<group>"; };
		57B64AF72417EEBC004A5638 /* Tracer */ = {isa = PBXFileReference; explicitFileType = "compiled.mach-o.executable"; includeInIndex = 0; path = Tracer; sourceTree = BUILT_PRODUCTS_DIR; };
		57B64AFA2417EEBC004A5638 /* main.swift */ = {isa = PBXFileReference; lastKnownFileType = sourcecode.swift; path = main.swift; sourceTree = "<group>"; };
		57B64B032417EF6F004A5638 /* Camera.swift */ = {isa = PBXFileReference; lastKnownFileType = sourcecode.swift; path = Camera.swift; sourceTree = "<group>"; };
/* End PBXFileReference section */

/* Begin PBXFrameworksBuildPhase section */
		57B64AF42417EEBC004A5638 /* Frameworks */ = {
			isa = PBXFrameworksBuildPhase;
			buildActionMask = 2147483647;
			files = (
			);
			runOnlyForDeploymentPostprocessing = 0;
		};
/* End PBXFrameworksBuildPhase section */

/* Begin PBXGroup section */
		57B64AEE2417EEBB004A5638 = {
			isa = PBXGroup;
			children = (
				57B64AF92417EEBC004A5638 /* Tracer */,
				57B64AF82417EEBC004A5638 /* Products */,
			);
			sourceTree = "<group>";
		};
		57B64AF82417EEBC004A5638 /* Products */ = {
			isa = PBXGroup;
			children = (
				57B64AF72417EEBC004A5638 /* Tracer */,
			);
			name = Products;
			sourceTree = "<group>";
		};
		57B64AF92417EEBC004A5638 /* Tracer */ = {
			isa = PBXGroup;
			children = (
				57B64AFA2417EEBC004A5638 /* main.swift */,
				57B64B032417EF6F004A5638 /* Camera.swift */,
				57465BBE241816D700183540 /* Hittable.swift */,
				57465BBF241816D700183540 /* Material.swift */,
				57A179272419BC1500710A26 /* Random.swift */,
				57A17929241AB9E800710A26 /* Ray.swift */,
				57465BBD241816D700183540 /* Vec3.swift */,
				57465BC5241824B000183540 /* Sphere.swift */,
			);
			path = Tracer;
			sourceTree = "<group>";
		};
/* End PBXGroup section */

/* Begin PBXNativeTarget section */
		57B64AF62417EEBC004A5638 /* Tracer */ = {
			isa = PBXNativeTarget;
			buildConfigurationList = 57B64AFE2417EEBC004A5638 /* Build configuration list for PBXNativeTarget "Tracer" */;
			buildPhases = (
				57B64AF32417EEBC004A5638 /* Sources */,
				57B64AF42417EEBC004A5638 /* Frameworks */,
				57B64AF52417EEBC004A5638 /* CopyFiles */,
			);
			buildRules = (
			);
			dependencies = (
			);
			name = Tracer;
			productName = Tracer;
			productReference = 57B64AF72417EEBC004A5638 /* Tracer */;
			productType = "com.apple.product-type.tool";
		};
/* End PBXNativeTarget section */

/* Begin PBXProject section */
		57B64AEF2417EEBB004A5638 /* Project object */ = {
			isa = PBXProject;
			attributes = {
				LastSwiftUpdateCheck = 1130;
				LastUpgradeCheck = 1130;
				ORGANIZATIONNAME = iaomw;
				TargetAttributes = {
					57B64AF62417EEBC004A5638 = {
						CreatedOnToolsVersion = 11.3.1;
					};
				};
			};
			buildConfigurationList = 57B64AF22417EEBB004A5638 /* Build configuration list for PBXProject "Tracer" */;
			compatibilityVersion = "Xcode 9.3";
			developmentRegion = en;
			hasScannedForEncodings = 0;
			knownRegions = (
				en,
				Base,
			);
			mainGroup = 57B64AEE2417EEBB004A5638;
			productRefGroup = 57B64AF82417EEBC004A5638 /* Products */;
			projectDirPath = "";
			projectRoot = "";
			targets = (
				57B64AF62417EEBC004A5638 /* Tracer */,
			);
		};
/* End PBXProject section */

/* Begin PBXSourcesBuildPhase section */
		57B64AF32417EEBC004A5638 /* Sources */ = {
			isa = PBXSourcesBuildPhase;
			buildActionMask = 2147483647;
			files = (
				57465BC6241824B000183540 /* Sphere.swift in Sources */,
				57B64AFB2417EEBC004A5638 /* main.swift in Sources */,
				57465BC2241816D800183540 /* Hittable.swift in Sources */,
				57B64B042417EF6F004A5638 /* Camera.swift in Sources */,
				57465BC1241816D700183540 /* Vec3.swift in Sources */,
				57465BC3241816D800183540 /* Material.swift in Sources */,
				57A179282419BC1500710A26 /* Random.swift in Sources */,
				57A1792A241AB9E800710A26 /* Ray.swift in Sources */,
			);
			runOnlyForDeploymentPostprocessing = 0;
		};
/* End PBXSourcesBuildPhase section */

/* Begin XCBuildConfiguration section */
		57B64AFC2417EEBC004A5638 /* Debug */ = {
			isa = XCBuildConfiguration;
			buildSettings = {
				ALWAYS_SEARCH_USER_PATHS = NO;
				CLANG_ANALYZER_NONNULL = YES;
				CLANG_ANALYZER_NUMBER_OBJECT_CONVERSION = YES_AGGRESSIVE;
				CLANG_CXX_LANGUAGE_STANDARD = "gnu++14";
				CLANG_CXX_LIBRARY = "libc++";
				CLANG_ENABLE_MODULES = YES;
				CLANG_ENABLE_OBJC_ARC = YES;
				CLANG_ENABLE_OBJC_WEAK = YES;
				CLANG_WARN_BLOCK_CAPTURE_AUTORELEASING = YES;
				CLANG_WARN_BOOL_CONVERSION = YES;
				CLANG_WARN_COMMA = YES;
				CLANG_WARN_CONSTANT_CONVERSION = YES;
				CLANG_WARN_DEPRECATED_OBJC_IMPLEMENTATIONS = YES;
				CLANG_WARN_DIRECT_OBJC_ISA_USAGE = YES_ERROR;
				CLANG_WARN_DOCUMENTATION_COMMENTS = YES;
				CLANG_WARN_EMPTY_BODY = YES;
				CLANG_WARN_ENUM_CONVERSION = YES;
				CLANG_WARN_INFINITE_RECURSION = YES;
				CLANG_WARN_INT_CONVERSION = YES;
				CLANG_WARN_NON_LITERAL_NULL_CONVERSION = YES;
				CLANG_WARN_OBJC_IMPLICIT_RETAIN_SELF = YES;
				CLANG_WARN_OBJC_LITERAL_CONVERSION = YES;
				CLANG_WARN_OBJC_ROOT_CLASS = YES_ERROR;
				CLANG_WARN_RANGE_LOOP_ANALYSIS = YES;
				CLANG_WARN_STRICT_PROTOTYPES = YES;
				CLANG_WARN_SUSPICIOUS_MOVE = YES;
				CLANG_WARN_UNGUARDED_AVAILABILITY = YES_AGGRESSIVE;
				CLANG_WARN_UNREACHABLE_CODE = YES;
				CLANG_WARN__DUPLICATE_METHOD_MATCH = YES;
				COPY_PHASE_STRIP = NO;
				DEBUG_INFORMATION_FORMAT = dwarf;
				ENABLE_STRICT_OBJC_MSGSEND = YES;
				ENABLE_TESTABILITY = YES;
				GCC_C_LANGUAGE_STANDARD = gnu11;
				GCC_DYNAMIC_NO_PIC = NO;
				GCC_NO_COMMON_BLOCKS = YES;
				GCC_OPTIMIZATION_LEVEL = 0;
				GCC_PREPROCESSOR_DEFINITIONS = (
					"DEBUG=1",
					"$(inherited)",
				);
				GCC_WARN_64_TO_32_BIT_CONVERSION = YES;
				GCC_WARN_ABOUT_RETURN_TYPE = YES_ERROR;
				GCC_WARN_UNDECLARED_SELECTOR = YES;
				GCC_WARN_UNINITIALIZED_AUTOS = YES_AGGRESSIVE;
				GCC_WARN_UNUSED_FUNCTION = YES;
				GCC_WARN_UNUSED_VARIABLE = YES;
				MACOSX_DEPLOYMENT_TARGET = 10.15;
				MTL_ENABLE_DEBUG_INFO = INCLUDE_SOURCE;
				MTL_FAST_MATH = YES;
				ONLY_ACTIVE_ARCH = YES;
				SDKROOT = macosx;
				SWIFT_ACTIVE_COMPILATION_CONDITIONS = DEBUG;
				SWIFT_OPTIMIZATION_LEVEL = "-Onone";
			};
			name = Debug;
		};
		57B64AFD2417EEBC004A5638 /* Release */ = {
			isa = XCBuildConfiguration;
			buildSettings = {
				ALWAYS_SEARCH_USER_PATHS = NO;
				CLANG_ANALYZER_NONNULL = YES;
				CLANG_ANALYZER_NUMBER_OBJECT_CONVERSION = YES_AGGRESSIVE;
				CLANG_CXX_LANGUAGE_STANDARD = "gnu++14";
				CLANG_CXX_LIBRARY = "libc++";
				CLANG_ENABLE_MODULES = YES;
				CLANG_ENABLE_OBJC_ARC = YES;
				CLANG_ENABLE_OBJC_WEAK = YES;
				CLANG_WARN_BLOCK_CAPTURE_AUTORELEASING = YES;
				CLANG_WARN_BOOL_CONVERSION = YES;
				CLANG_WARN_COMMA = YES;
				CLANG_WARN_CONSTANT_CONVERSION = YES;
				CLANG_WARN_DEPRECATED_OBJC_IMPLEMENTATIONS = YES;
				CLANG_WARN_DIRECT_OBJC_ISA_USAGE = YES_ERROR;
				CLANG_WARN_DOCUMENTATION_COMMENTS = YES;
				CLANG_WARN_EMPTY_BODY = YES;
				CLANG_WARN_ENUM_CONVERSION = YES;
				CLANG_WARN_INFINITE_RECURSION = YES;
				CLANG_WARN_INT_CONVERSION = YES;
				CLANG_WARN_NON_LITERAL_NULL_CONVERSION = YES;
				CLANG_WARN_OBJC_IMPLICIT_RETAIN_SELF = YES;
				CLANG_WARN_OBJC_LITERAL_CONVERSION = YES;
				CLANG_WARN_OBJC_ROOT_CLASS = YES_ERROR;
				CLANG_WARN_RANGE_LOOP_ANALYSIS = YES;
				CLANG_WARN_STRICT_PROTOTYPES = YES;
				CLANG_WARN_SUSPICIOUS_MOVE = YES;
				CLANG_WARN_UNGUARDED_AVAILABILITY = YES_AGGRESSIVE;
				CLANG_WARN_UNREACHABLE_CODE = YES;
				CLANG_WARN__DUPLICATE_METHOD_MATCH = YES;
				COPY_PHASE_STRIP = NO;
				DEBUG_INFORMATION_FORMAT = "dwarf-with-dsym";
				ENABLE_NS_ASSERTIONS = NO;
				ENABLE_STRICT_OBJC_MSGSEND = YES;
				GCC_C_LANGUAGE_STANDARD = gnu11;
				GCC_NO_COMMON_BLOCKS = YES;
				GCC_WARN_64_TO_32_BIT_CONVERSION = YES;
				GCC_WARN_ABOUT_RETURN_TYPE = YES_ERROR;
				GCC_WARN_UNDECLARED_SELECTOR = YES;
				GCC_WARN_UNINITIALIZED_AUTOS = YES_AGGRESSIVE;
				GCC_WARN_UNUSED_FUNCTION = YES;
				GCC_WARN_UNUSED_VARIABLE = YES;
				MACOSX_DEPLOYMENT_TARGET = 10.15;
				MTL_ENABLE_DEBUG_INFO = NO;
				MTL_FAST_MATH = YES;
				SDKROOT = macosx;
				SWIFT_COMPILATION_MODE = wholemodule;
				SWIFT_OPTIMIZATION_LEVEL = "-O";
			};
			name = Release;
		};
		57B64AFF2417EEBC004A5638 /* Debug */ = {
			isa = XCBuildConfiguration;
			buildSettings = {
				CODE_SIGN_STYLE = Automatic;
				PRODUCT_NAME = "$(TARGET_NAME)";
				SWIFT_VERSION = 5.0;
			};
			name = Debug;
		};
		57B64B002417EEBC004A5638 /* Release */ = {
			isa = XCBuildConfiguration;
			buildSettings = {
				CODE_SIGN_STYLE = Automatic;
				PRODUCT_NAME = "$(TARGET_NAME)";
				SWIFT_VERSION = 5.0;
			};
			name = Release;
		};
/* End XCBuildConfiguration section */

/* Begin XCConfigurationList section */
		57B64AF22417EEBB004A5638 /* Build configuration list for PBXProject "Tracer" */ = {
			isa = XCConfigurationList;
			buildConfigurations = (
				57B64AFC2417EEBC004A5638 /* Debug */,
				57B64AFD2417EEBC004A5638 /* Release */,
			);
			defaultConfigurationIsVisible = 0;
			defaultConfigurationName = Release;
		};
		57B64AFE2417EEBC004A5638 /* Build configuration list for PBXNativeTarget "Tracer" */ = {
			isa = XCConfigurationList;
			buildConfigurations = (
				57B64AFF2417EEBC004A5638 /* Debug */,
				57B64B002417EEBC004A5638 /* Release */,
			);
			defaultConfigurationIsVisible = 0;
			defaultConfigurationName = Release;
		};
/* End XCConfigurationList section */
	};
	rootObject = 57B64AEF2417EEBB004A5638 /* Project object */;
}
