// !$*UTF8*$!
{
	archiveVersion = 1;
	classes = {
	};
	objectVersion = 50;
	objects = {

/* Begin PBXBuildFile section */
		5701CE7724E591CE008F68BB /* SceneKit.framework in Frameworks */ = {isa = PBXBuildFile; fileRef = 5701CE7624E591CE008F68BB /* SceneKit.framework */; };
		570DF00924CF97F700421890 /* vulture_hide_4k.hdr in Resources */ = {isa = PBXBuildFile; fileRef = 570DF00824CF979500421890 /* vulture_hide_4k.hdr */; };
		571C09602439267700DA0BAC /* Tracer.mm in Sources */ = {isa = PBXBuildFile; fileRef = 571C095F2439267700DA0BAC /* Tracer.mm */; };
		571FF88B246367E4002DDF02 /* AAPLRenderer.mm in Sources */ = {isa = PBXBuildFile; fileRef = 571FF88A246367E4002DDF02 /* AAPLRenderer.mm */; };
		573DD1092432B9D900B09B0A /* Render.metal in Sources */ = {isa = PBXBuildFile; fileRef = 573DD1082432B9D900B09B0A /* Render.metal */; };
		573DD1122433AA9900B09B0A /* Random.metal in Sources */ = {isa = PBXBuildFile; fileRef = 573DD1112433AA9900B09B0A /* Random.metal */; };
		5749BCA32435005B002B60E4 /* Scatter.metal in Sources */ = {isa = PBXBuildFile; fileRef = 5749BCA22435005B002B60E4 /* Scatter.metal */; };
		5759E67524DB496600C8A2D7 /* Camera.metal in Sources */ = {isa = PBXBuildFile; fileRef = 5759E67424DB496600C8A2D7 /* Camera.metal */; };
		5759E67E24DB717400C8A2D7 /* Material.metal in Sources */ = {isa = PBXBuildFile; fileRef = 5759E67D24DB717400C8A2D7 /* Material.metal */; };
		5759E68024DB723D00C8A2D7 /* HItRecord.metal in Sources */ = {isa = PBXBuildFile; fileRef = 5759E67F24DB723D00C8A2D7 /* HItRecord.metal */; };
		5759E68424DCAC1E00C8A2D7 /* Noise.metal in Sources */ = {isa = PBXBuildFile; fileRef = 5759E68324DCAC1E00C8A2D7 /* Noise.metal */; };
		575F7DBB242469C300DA5F33 /* TracerWindowController.swift in Sources */ = {isa = PBXBuildFile; fileRef = 575F7DBA242469C300DA5F33 /* TracerWindowController.swift */; };
		57874FBE24DDF37100080AB7 /* AppDelegate.swift in Sources */ = {isa = PBXBuildFile; fileRef = 57874FBD24DDF37100080AB7 /* AppDelegate.swift */; };
		57874FC024DDF37100080AB7 /* SceneDelegate.swift in Sources */ = {isa = PBXBuildFile; fileRef = 57874FBF24DDF37100080AB7 /* SceneDelegate.swift */; };
		57874FC224DDF37100080AB7 /* ViewController.swift in Sources */ = {isa = PBXBuildFile; fileRef = 57874FC124DDF37100080AB7 /* ViewController.swift */; };
		57874FC524DDF37100080AB7 /* Main.storyboard in Resources */ = {isa = PBXBuildFile; fileRef = 57874FC324DDF37100080AB7 /* Main.storyboard */; };
		57874FC724DDF37200080AB7 /* Assets.xcassets in Resources */ = {isa = PBXBuildFile; fileRef = 57874FC624DDF37200080AB7 /* Assets.xcassets */; };
		57874FCA24DDF37200080AB7 /* LaunchScreen.storyboard in Resources */ = {isa = PBXBuildFile; fileRef = 57874FC824DDF37200080AB7 /* LaunchScreen.storyboard */; };
		57874FCF24DDF70800080AB7 /* Tracer.hh in Sources */ = {isa = PBXBuildFile; fileRef = 571C09612439269400DA0BAC /* Tracer.hh */; };
		57874FD024DDF70800080AB7 /* Tracer.mm in Sources */ = {isa = PBXBuildFile; fileRef = 571C095F2439267700DA0BAC /* Tracer.mm */; };
		57874FD124DDF70800080AB7 /* AAPLRenderer.hh in Sources */ = {isa = PBXBuildFile; fileRef = 571FF88C246367FC002DDF02 /* AAPLRenderer.hh */; };
		57874FD224DDF70800080AB7 /* AAPLRenderer.mm in Sources */ = {isa = PBXBuildFile; fileRef = 571FF88A246367E4002DDF02 /* AAPLRenderer.mm */; };
		57874FD324DDF73900080AB7 /* Common.hh in Sources */ = {isa = PBXBuildFile; fileRef = 571FF88D24639A81002DDF02 /* Common.hh */; };
		57874FD424DDFECC00080AB7 /* Ray.hh in Sources */ = {isa = PBXBuildFile; fileRef = 5759E67224DB483D00C8A2D7 /* Ray.hh */; };
		57874FD524DDFECC00080AB7 /* Camera.hh in Sources */ = {isa = PBXBuildFile; fileRef = 5759E67324DB492500C8A2D7 /* Camera.hh */; };
		57874FD624DDFECC00080AB7 /* Camera.metal in Sources */ = {isa = PBXBuildFile; fileRef = 5759E67424DB496600C8A2D7 /* Camera.metal */; };
		57874FD724DDFECC00080AB7 /* Texture.hh in Sources */ = {isa = PBXBuildFile; fileRef = 5759E67624DB651400C8A2D7 /* Texture.hh */; };
		57874FD824DDFECC00080AB7 /* Material.hh in Sources */ = {isa = PBXBuildFile; fileRef = 5759E67724DB65F200C8A2D7 /* Material.hh */; };
		57874FD924DDFECC00080AB7 /* Material.metal in Sources */ = {isa = PBXBuildFile; fileRef = 5759E67D24DB717400C8A2D7 /* Material.metal */; };
		57874FDA24DDFECC00080AB7 /* HitRecord.hh in Sources */ = {isa = PBXBuildFile; fileRef = 5759E67924DB674C00C8A2D7 /* HitRecord.hh */; };
		57874FDB24DDFECC00080AB7 /* HItRecord.metal in Sources */ = {isa = PBXBuildFile; fileRef = 5759E67F24DB723D00C8A2D7 /* HItRecord.metal */; };
		57874FDC24DDFECC00080AB7 /* Scatter.hh in Sources */ = {isa = PBXBuildFile; fileRef = 5759E67124DB3EB900C8A2D7 /* Scatter.hh */; };
		57874FDD24DDFECC00080AB7 /* Scatter.metal in Sources */ = {isa = PBXBuildFile; fileRef = 5749BCA22435005B002B60E4 /* Scatter.metal */; };
		57874FDE24DDFECC00080AB7 /* BVH.hh in Sources */ = {isa = PBXBuildFile; fileRef = 5759E68124DC352E00C8A2D7 /* BVH.hh */; };
		57874FDF24DDFECC00080AB7 /* AABB.hh in Sources */ = {isa = PBXBuildFile; fileRef = 5759E67824DB667400C8A2D7 /* AABB.hh */; };
		57874FE024DDFECC00080AB7 /* Cube.hh in Sources */ = {isa = PBXBuildFile; fileRef = 5759E67B24DB6D3B00C8A2D7 /* Cube.hh */; };
		57874FE124DDFECC00080AB7 /* Square.hh in Sources */ = {isa = PBXBuildFile; fileRef = 5759E67A24DB6C8600C8A2D7 /* Square.hh */; };
		57874FE224DDFECC00080AB7 /* Sphere.hh in Sources */ = {isa = PBXBuildFile; fileRef = 5759E67C24DB6D9500C8A2D7 /* Sphere.hh */; };
		57874FE324DDFECC00080AB7 /* Tracer-Bridging-Header.h in Sources */ = {isa = PBXBuildFile; fileRef = 573DD10B2433793800B09B0A /* Tracer-Bridging-Header.h */; };
		57874FE424DDFECC00080AB7 /* Noise.hh in Sources */ = {isa = PBXBuildFile; fileRef = 5759E68224DCAA1C00C8A2D7 /* Noise.hh */; };
		57874FE524DDFECC00080AB7 /* Noise.metal in Sources */ = {isa = PBXBuildFile; fileRef = 5759E68324DCAC1E00C8A2D7 /* Noise.metal */; };
		57874FE624DDFECC00080AB7 /* Random.hh in Sources */ = {isa = PBXBuildFile; fileRef = 5749BCA624362BDE002B60E4 /* Random.hh */; };
		57874FE724DDFECC00080AB7 /* Random.metal in Sources */ = {isa = PBXBuildFile; fileRef = 573DD1112433AA9900B09B0A /* Random.metal */; };
		57874FE824DDFECC00080AB7 /* Render.hh in Sources */ = {isa = PBXBuildFile; fileRef = 573DD10A24335D6D00B09B0A /* Render.hh */; };
		57874FE924DDFECC00080AB7 /* Render.metal in Sources */ = {isa = PBXBuildFile; fileRef = 573DD1082432B9D900B09B0A /* Render.metal */; };
		57874FEA24DDFF0500080AB7 /* vulture_hide_4k.hdr in Resources */ = {isa = PBXBuildFile; fileRef = 570DF00824CF979500421890 /* vulture_hide_4k.hdr */; };
		57C64C7824E149BD0054AB8C /* coatball in Resources */ = {isa = PBXBuildFile; fileRef = 57C64C7724E149BD0054AB8C /* coatball */; };
		57C64C7924E14B920054AB8C /* coatball in Resources */ = {isa = PBXBuildFile; fileRef = 57C64C7724E149BD0054AB8C /* coatball */; };
		57C64C7C24E1549B0054AB8C /* AAPLMesh.m in Sources */ = {isa = PBXBuildFile; fileRef = 57C64C7B24E1549B0054AB8C /* AAPLMesh.m */; };
		57DD356A241EEC110094632B /* AppDelegate.swift in Sources */ = {isa = PBXBuildFile; fileRef = 57DD3569241EEC110094632B /* AppDelegate.swift */; };
		57DD356C241EEC110094632B /* TracerViewController.swift in Sources */ = {isa = PBXBuildFile; fileRef = 57DD356B241EEC110094632B /* TracerViewController.swift */; };
		57DD356E241EEC140094632B /* Assets.xcassets in Resources */ = {isa = PBXBuildFile; fileRef = 57DD356D241EEC140094632B /* Assets.xcassets */; };
		57DD3571241EEC140094632B /* Main.storyboard in Resources */ = {isa = PBXBuildFile; fileRef = 57DD356F241EEC140094632B /* Main.storyboard */; };
/* End PBXBuildFile section */

/* Begin PBXFileReference section */
		5701CE7624E591CE008F68BB /* SceneKit.framework */ = {isa = PBXFileReference; lastKnownFileType = wrapper.framework; name = SceneKit.framework; path = System/Library/Frameworks/SceneKit.framework; sourceTree = SDKROOT; };
		570DF00824CF979500421890 /* vulture_hide_4k.hdr */ = {isa = PBXFileReference; lastKnownFileType = file; path = vulture_hide_4k.hdr; sourceTree = "<group>"; };
		571C095F2439267700DA0BAC /* Tracer.mm */ = {isa = PBXFileReference; lastKnownFileType = sourcecode.cpp.objcpp; path = Tracer.mm; sourceTree = "<group>"; };
		571C09612439269400DA0BAC /* Tracer.hh */ = {isa = PBXFileReference; explicitFileType = sourcecode.cpp.h; lineEnding = 0; path = Tracer.hh; sourceTree = "<group>"; };
		571FF88A246367E4002DDF02 /* AAPLRenderer.mm */ = {isa = PBXFileReference; lastKnownFileType = sourcecode.cpp.objcpp; path = AAPLRenderer.mm; sourceTree = "<group>"; };
		571FF88C246367FC002DDF02 /* AAPLRenderer.hh */ = {isa = PBXFileReference; lastKnownFileType = sourcecode.cpp.h; path = AAPLRenderer.hh; sourceTree = "<group>"; };
		571FF88D24639A81002DDF02 /* Common.hh */ = {isa = PBXFileReference; lastKnownFileType = sourcecode.cpp.h; path = Common.hh; sourceTree = "<group>"; };
		573DD1082432B9D900B09B0A /* Render.metal */ = {isa = PBXFileReference; lastKnownFileType = sourcecode.metal; path = Render.metal; sourceTree = "<group>"; };
		573DD10A24335D6D00B09B0A /* Render.hh */ = {isa = PBXFileReference; lastKnownFileType = sourcecode.cpp.h; path = Render.hh; sourceTree = "<group>"; };
		573DD10B2433793800B09B0A /* Tracer-Bridging-Header.h */ = {isa = PBXFileReference; lastKnownFileType = sourcecode.c.h; path = "Tracer-Bridging-Header.h"; sourceTree = "<group>"; };
		573DD1112433AA9900B09B0A /* Random.metal */ = {isa = PBXFileReference; lastKnownFileType = sourcecode.metal; path = Random.metal; sourceTree = "<group>"; };
		5749BCA22435005B002B60E4 /* Scatter.metal */ = {isa = PBXFileReference; lastKnownFileType = sourcecode.metal; path = Scatter.metal; sourceTree = "<group>"; };
		5749BCA624362BDE002B60E4 /* Random.hh */ = {isa = PBXFileReference; lastKnownFileType = sourcecode.cpp.h; path = Random.hh; sourceTree = "<group>"; };
		5759E67124DB3EB900C8A2D7 /* Scatter.hh */ = {isa = PBXFileReference; lastKnownFileType = sourcecode.cpp.h; path = Scatter.hh; sourceTree = "<group>"; };
		5759E67224DB483D00C8A2D7 /* Ray.hh */ = {isa = PBXFileReference; lastKnownFileType = sourcecode.cpp.h; path = Ray.hh; sourceTree = "<group>"; };
		5759E67324DB492500C8A2D7 /* Camera.hh */ = {isa = PBXFileReference; lastKnownFileType = sourcecode.cpp.h; path = Camera.hh; sourceTree = "<group>"; };
		5759E67424DB496600C8A2D7 /* Camera.metal */ = {isa = PBXFileReference; lastKnownFileType = sourcecode.metal; path = Camera.metal; sourceTree = "<group>"; };
		5759E67624DB651400C8A2D7 /* Texture.hh */ = {isa = PBXFileReference; lastKnownFileType = sourcecode.cpp.h; path = Texture.hh; sourceTree = "<group>"; };
		5759E67724DB65F200C8A2D7 /* Material.hh */ = {isa = PBXFileReference; lastKnownFileType = sourcecode.cpp.h; path = Material.hh; sourceTree = "<group>"; };
		5759E67824DB667400C8A2D7 /* AABB.hh */ = {isa = PBXFileReference; lastKnownFileType = sourcecode.cpp.h; path = AABB.hh; sourceTree = "<group>"; };
		5759E67924DB674C00C8A2D7 /* HitRecord.hh */ = {isa = PBXFileReference; lastKnownFileType = sourcecode.cpp.h; path = HitRecord.hh; sourceTree = "<group>"; };
		5759E67A24DB6C8600C8A2D7 /* Square.hh */ = {isa = PBXFileReference; lastKnownFileType = sourcecode.cpp.h; path = Square.hh; sourceTree = "<group>"; };
		5759E67B24DB6D3B00C8A2D7 /* Cube.hh */ = {isa = PBXFileReference; lastKnownFileType = sourcecode.cpp.h; path = Cube.hh; sourceTree = "<group>"; };
		5759E67C24DB6D9500C8A2D7 /* Sphere.hh */ = {isa = PBXFileReference; lastKnownFileType = sourcecode.cpp.h; path = Sphere.hh; sourceTree = "<group>"; };
		5759E67D24DB717400C8A2D7 /* Material.metal */ = {isa = PBXFileReference; lastKnownFileType = sourcecode.metal; path = Material.metal; sourceTree = "<group>"; };
		5759E67F24DB723D00C8A2D7 /* HItRecord.metal */ = {isa = PBXFileReference; lastKnownFileType = sourcecode.metal; path = HItRecord.metal; sourceTree = "<group>"; };
		5759E68124DC352E00C8A2D7 /* BVH.hh */ = {isa = PBXFileReference; lastKnownFileType = sourcecode.cpp.h; path = BVH.hh; sourceTree = "<group>"; };
		5759E68224DCAA1C00C8A2D7 /* Noise.hh */ = {isa = PBXFileReference; lastKnownFileType = sourcecode.cpp.h; path = Noise.hh; sourceTree = "<group>"; };
		5759E68324DCAC1E00C8A2D7 /* Noise.metal */ = {isa = PBXFileReference; lastKnownFileType = sourcecode.metal; path = Noise.metal; sourceTree = "<group>"; };
		575F7DBA242469C300DA5F33 /* TracerWindowController.swift */ = {isa = PBXFileReference; lastKnownFileType = sourcecode.swift; path = TracerWindowController.swift; sourceTree = "<group>"; };
		57874FBB24DDF37100080AB7 /* Tracer-iOS.app */ = {isa = PBXFileReference; explicitFileType = wrapper.application; includeInIndex = 0; path = "Tracer-iOS.app"; sourceTree = BUILT_PRODUCTS_DIR; };
		57874FBD24DDF37100080AB7 /* AppDelegate.swift */ = {isa = PBXFileReference; lastKnownFileType = sourcecode.swift; path = AppDelegate.swift; sourceTree = "<group>"; };
		57874FBF24DDF37100080AB7 /* SceneDelegate.swift */ = {isa = PBXFileReference; lastKnownFileType = sourcecode.swift; path = SceneDelegate.swift; sourceTree = "<group>"; };
		57874FC124DDF37100080AB7 /* ViewController.swift */ = {isa = PBXFileReference; lastKnownFileType = sourcecode.swift; path = ViewController.swift; sourceTree = "<group>"; };
		57874FC424DDF37100080AB7 /* Base */ = {isa = PBXFileReference; lastKnownFileType = file.storyboard; name = Base; path = Base.lproj/Main.storyboard; sourceTree = "<group>"; };
		57874FC624DDF37200080AB7 /* Assets.xcassets */ = {isa = PBXFileReference; lastKnownFileType = folder.assetcatalog; path = Assets.xcassets; sourceTree = "<group>"; };
		57874FC924DDF37200080AB7 /* Base */ = {isa = PBXFileReference; lastKnownFileType = file.storyboard; name = Base; path = Base.lproj/LaunchScreen.storyboard; sourceTree = "<group>"; };
		57874FCB24DDF37200080AB7 /* Info.plist */ = {isa = PBXFileReference; lastKnownFileType = text.plist.xml; path = Info.plist; sourceTree = "<group>"; };
		57C64C7724E149BD0054AB8C /* coatball */ = {isa = PBXFileReference; lastKnownFileType = folder; path = coatball; sourceTree = "<group>"; };
		57C64C7A24E1549A0054AB8C /* AAPLMesh.h */ = {isa = PBXFileReference; explicitFileType = sourcecode.cpp.objcpp; fileEncoding = 4; path = AAPLMesh.h; sourceTree = "<group>"; };
		57C64C7B24E1549B0054AB8C /* AAPLMesh.m */ = {isa = PBXFileReference; fileEncoding = 4; lastKnownFileType = sourcecode.c.objc; path = AAPLMesh.m; sourceTree = "<group>"; };
		57C64C7D24E15A920054AB8C /* AAPLShaderTypes.h */ = {isa = PBXFileReference; lastKnownFileType = sourcecode.c.h; path = AAPLShaderTypes.h; sourceTree = "<group>"; };
		57DD3566241EEC110094632B /* Tracer.app */ = {isa = PBXFileReference; explicitFileType = wrapper.application; includeInIndex = 0; path = Tracer.app; sourceTree = BUILT_PRODUCTS_DIR; };
		57DD3569241EEC110094632B /* AppDelegate.swift */ = {isa = PBXFileReference; lastKnownFileType = sourcecode.swift; path = AppDelegate.swift; sourceTree = "<group>"; };
		57DD356B241EEC110094632B /* TracerViewController.swift */ = {isa = PBXFileReference; lastKnownFileType = sourcecode.swift; path = TracerViewController.swift; sourceTree = "<group>"; };
		57DD356D241EEC140094632B /* Assets.xcassets */ = {isa = PBXFileReference; lastKnownFileType = folder.assetcatalog; path = Assets.xcassets; sourceTree = "<group>"; };
		57DD3570241EEC140094632B /* Base */ = {isa = PBXFileReference; lastKnownFileType = file.storyboard; name = Base; path = Base.lproj/Main.storyboard; sourceTree = "<group>"; };
		57DD3572241EEC140094632B /* Info.plist */ = {isa = PBXFileReference; lastKnownFileType = text.plist.xml; path = Info.plist; sourceTree = "<group>"; };
		57DD3573241EEC140094632B /* Tracer.entitlements */ = {isa = PBXFileReference; lastKnownFileType = text.plist.entitlements; path = Tracer.entitlements; sourceTree = "<group>"; };
/* End PBXFileReference section */

/* Begin PBXFrameworksBuildPhase section */
		57874FB824DDF37100080AB7 /* Frameworks */ = {
			isa = PBXFrameworksBuildPhase;
			buildActionMask = 2147483647;
			files = (
			);
			runOnlyForDeploymentPostprocessing = 0;
		};
		57DD3563241EEC110094632B /* Frameworks */ = {
			isa = PBXFrameworksBuildPhase;
			buildActionMask = 2147483647;
			files = (
				5701CE7724E591CE008F68BB /* SceneKit.framework in Frameworks */,
			);
			runOnlyForDeploymentPostprocessing = 0;
		};
/* End PBXFrameworksBuildPhase section */

/* Begin PBXGroup section */
		5701CE7524E591CE008F68BB /* Frameworks */ = {
			isa = PBXGroup;
			children = (
				5701CE7624E591CE008F68BB /* SceneKit.framework */,
			);
			name = Frameworks;
			sourceTree = "<group>";
		};
		573DD1072432961400B09B0A /* Metal */ = {
			isa = PBXGroup;
			children = (
				571FF88D24639A81002DDF02 /* Common.hh */,
				5759E67224DB483D00C8A2D7 /* Ray.hh */,
				5759E67324DB492500C8A2D7 /* Camera.hh */,
				5759E67424DB496600C8A2D7 /* Camera.metal */,
				5759E67624DB651400C8A2D7 /* Texture.hh */,
				5759E67724DB65F200C8A2D7 /* Material.hh */,
				5759E67D24DB717400C8A2D7 /* Material.metal */,
				5759E67924DB674C00C8A2D7 /* HitRecord.hh */,
				5759E67F24DB723D00C8A2D7 /* HItRecord.metal */,
				5759E67124DB3EB900C8A2D7 /* Scatter.hh */,
				5749BCA22435005B002B60E4 /* Scatter.metal */,
				5759E68124DC352E00C8A2D7 /* BVH.hh */,
				5759E67824DB667400C8A2D7 /* AABB.hh */,
				5759E67B24DB6D3B00C8A2D7 /* Cube.hh */,
				5759E67A24DB6C8600C8A2D7 /* Square.hh */,
				5759E67C24DB6D9500C8A2D7 /* Sphere.hh */,
				5759E68224DCAA1C00C8A2D7 /* Noise.hh */,
				5759E68324DCAC1E00C8A2D7 /* Noise.metal */,
				5749BCA624362BDE002B60E4 /* Random.hh */,
				573DD1112433AA9900B09B0A /* Random.metal */,
				573DD10B2433793800B09B0A /* Tracer-Bridging-Header.h */,
				573DD10A24335D6D00B09B0A /* Render.hh */,
				573DD1082432B9D900B09B0A /* Render.metal */,
			);
			path = Metal;
			sourceTree = "<group>";
		};
		57874FBC24DDF37100080AB7 /* Tracer-iOS */ = {
			isa = PBXGroup;
			children = (
				57874FBD24DDF37100080AB7 /* AppDelegate.swift */,
				57874FC124DDF37100080AB7 /* ViewController.swift */,
				57874FBF24DDF37100080AB7 /* SceneDelegate.swift */,
				57874FC624DDF37200080AB7 /* Assets.xcassets */,
				57874FC324DDF37100080AB7 /* Main.storyboard */,
				57874FC824DDF37200080AB7 /* LaunchScreen.storyboard */,
				57874FCB24DDF37200080AB7 /* Info.plist */,
			);
			path = "Tracer-iOS";
			sourceTree = "<group>";
		};
		57DD355D241EEC110094632B = {
			isa = PBXGroup;
			children = (
				57C64C7724E149BD0054AB8C /* coatball */,
				573DD1072432961400B09B0A /* Metal */,
				57DD3568241EEC110094632B /* Tracer */,
				57874FBC24DDF37100080AB7 /* Tracer-iOS */,
				57DD3567241EEC110094632B /* Products */,
				5701CE7524E591CE008F68BB /* Frameworks */,
			);
			sourceTree = "<group>";
		};
		57DD3567241EEC110094632B /* Products */ = {
			isa = PBXGroup;
			children = (
				57DD3566241EEC110094632B /* Tracer.app */,
				57874FBB24DDF37100080AB7 /* Tracer-iOS.app */,
			);
			name = Products;
			sourceTree = "<group>";
		};
		57DD3568241EEC110094632B /* Tracer */ = {
			isa = PBXGroup;
			children = (
				570DF00824CF979500421890 /* vulture_hide_4k.hdr */,
				571C09612439269400DA0BAC /* Tracer.hh */,
				571C095F2439267700DA0BAC /* Tracer.mm */,
				57C64C7A24E1549A0054AB8C /* AAPLMesh.h */,
				57C64C7B24E1549B0054AB8C /* AAPLMesh.m */,
				571FF88C246367FC002DDF02 /* AAPLRenderer.hh */,
				571FF88A246367E4002DDF02 /* AAPLRenderer.mm */,
				57C64C7D24E15A920054AB8C /* AAPLShaderTypes.h */,
				57DD3569241EEC110094632B /* AppDelegate.swift */,
				57DD356B241EEC110094632B /* TracerViewController.swift */,
				575F7DBA242469C300DA5F33 /* TracerWindowController.swift */,
				57DD3572241EEC140094632B /* Info.plist */,
				57DD356D241EEC140094632B /* Assets.xcassets */,
				57DD356F241EEC140094632B /* Main.storyboard */,
				57DD3573241EEC140094632B /* Tracer.entitlements */,
			);
			path = Tracer;
			sourceTree = "<group>";
		};
/* End PBXGroup section */

/* Begin PBXNativeTarget section */
		57874FBA24DDF37100080AB7 /* Tracer-iOS */ = {
			isa = PBXNativeTarget;
			buildConfigurationList = 57874FCE24DDF37200080AB7 /* Build configuration list for PBXNativeTarget "Tracer-iOS" */;
			buildPhases = (
				57874FB724DDF37100080AB7 /* Sources */,
				57874FB824DDF37100080AB7 /* Frameworks */,
				57874FB924DDF37100080AB7 /* Resources */,
			);
			buildRules = (
			);
			dependencies = (
			);
			name = "Tracer-iOS";
			productName = "Tracer-iOS";
			productReference = 57874FBB24DDF37100080AB7 /* Tracer-iOS.app */;
			productType = "com.apple.product-type.application";
		};
		57DD3565241EEC110094632B /* Tracer */ = {
			isa = PBXNativeTarget;
			buildConfigurationList = 57DD3576241EEC140094632B /* Build configuration list for PBXNativeTarget "Tracer" */;
			buildPhases = (
				57DD3562241EEC110094632B /* Sources */,
				57DD3563241EEC110094632B /* Frameworks */,
				57DD3564241EEC110094632B /* Resources */,
			);
			buildRules = (
			);
			dependencies = (
			);
			name = Tracer;
			productName = Tracer;
			productReference = 57DD3566241EEC110094632B /* Tracer.app */;
			productType = "com.apple.product-type.application";
		};
/* End PBXNativeTarget section */

/* Begin PBXProject section */
		57DD355E241EEC110094632B /* Project object */ = {
			isa = PBXProject;
			attributes = {
				LastSwiftUpdateCheck = 1200;
				LastUpgradeCheck = 1200;
				ORGANIZATIONNAME = iaomw;
				TargetAttributes = {
					57874FBA24DDF37100080AB7 = {
						CreatedOnToolsVersion = 12.0;
					};
					57DD3565241EEC110094632B = {
						CreatedOnToolsVersion = 11.3.1;
						LastSwiftMigration = 1140;
					};
				};
			};
			buildConfigurationList = 57DD3561241EEC110094632B /* Build configuration list for PBXProject "Tracer" */;
			compatibilityVersion = "Xcode 9.3";
			developmentRegion = en;
			hasScannedForEncodings = 0;
			knownRegions = (
				en,
				Base,
			);
			mainGroup = 57DD355D241EEC110094632B;
			productRefGroup = 57DD3567241EEC110094632B /* Products */;
			projectDirPath = "";
			projectRoot = "";
			targets = (
				57DD3565241EEC110094632B /* Tracer */,
				57874FBA24DDF37100080AB7 /* Tracer-iOS */,
			);
		};
/* End PBXProject section */

/* Begin PBXResourcesBuildPhase section */
		57874FB924DDF37100080AB7 /* Resources */ = {
			isa = PBXResourcesBuildPhase;
			buildActionMask = 2147483647;
			files = (
				57C64C7924E14B920054AB8C /* coatball in Resources */,
				57874FCA24DDF37200080AB7 /* LaunchScreen.storyboard in Resources */,
				57874FEA24DDFF0500080AB7 /* vulture_hide_4k.hdr in Resources */,
				57874FC524DDF37100080AB7 /* Main.storyboard in Resources */,
				57874FC724DDF37200080AB7 /* Assets.xcassets in Resources */,
			);
			runOnlyForDeploymentPostprocessing = 0;
		};
		57DD3564241EEC110094632B /* Resources */ = {
			isa = PBXResourcesBuildPhase;
			buildActionMask = 2147483647;
			files = (
				570DF00924CF97F700421890 /* vulture_hide_4k.hdr in Resources */,
				57DD3571241EEC140094632B /* Main.storyboard in Resources */,
				57C64C7824E149BD0054AB8C /* coatball in Resources */,
				57DD356E241EEC140094632B /* Assets.xcassets in Resources */,
			);
			runOnlyForDeploymentPostprocessing = 0;
		};
/* End PBXResourcesBuildPhase section */

/* Begin PBXSourcesBuildPhase section */
		57874FB724DDF37100080AB7 /* Sources */ = {
			isa = PBXSourcesBuildPhase;
			buildActionMask = 2147483647;
			files = (
				57874FD424DDFECC00080AB7 /* Ray.hh in Sources */,
				57874FD524DDFECC00080AB7 /* Camera.hh in Sources */,
				57874FD624DDFECC00080AB7 /* Camera.metal in Sources */,
				57874FD724DDFECC00080AB7 /* Texture.hh in Sources */,
				57874FD824DDFECC00080AB7 /* Material.hh in Sources */,
				57874FD924DDFECC00080AB7 /* Material.metal in Sources */,
				57874FDA24DDFECC00080AB7 /* HitRecord.hh in Sources */,
				57874FDB24DDFECC00080AB7 /* HItRecord.metal in Sources */,
				57874FDC24DDFECC00080AB7 /* Scatter.hh in Sources */,
				57874FDD24DDFECC00080AB7 /* Scatter.metal in Sources */,
				57874FDE24DDFECC00080AB7 /* BVH.hh in Sources */,
				57874FDF24DDFECC00080AB7 /* AABB.hh in Sources */,
				57874FE024DDFECC00080AB7 /* Cube.hh in Sources */,
				57874FE124DDFECC00080AB7 /* Square.hh in Sources */,
				57874FE224DDFECC00080AB7 /* Sphere.hh in Sources */,
				57874FE324DDFECC00080AB7 /* Tracer-Bridging-Header.h in Sources */,
				57874FE424DDFECC00080AB7 /* Noise.hh in Sources */,
				57874FE524DDFECC00080AB7 /* Noise.metal in Sources */,
				57874FE624DDFECC00080AB7 /* Random.hh in Sources */,
				57874FE724DDFECC00080AB7 /* Random.metal in Sources */,
				57874FE824DDFECC00080AB7 /* Render.hh in Sources */,
				57874FE924DDFECC00080AB7 /* Render.metal in Sources */,
				57874FD324DDF73900080AB7 /* Common.hh in Sources */,
				57874FCF24DDF70800080AB7 /* Tracer.hh in Sources */,
				57874FD024DDF70800080AB7 /* Tracer.mm in Sources */,
				57874FD124DDF70800080AB7 /* AAPLRenderer.hh in Sources */,
				57874FD224DDF70800080AB7 /* AAPLRenderer.mm in Sources */,
				57874FC224DDF37100080AB7 /* ViewController.swift in Sources */,
				57874FBE24DDF37100080AB7 /* AppDelegate.swift in Sources */,
				57874FC024DDF37100080AB7 /* SceneDelegate.swift in Sources */,
			);
			runOnlyForDeploymentPostprocessing = 0;
		};
		57DD3562241EEC110094632B /* Sources */ = {
			isa = PBXSourcesBuildPhase;
			buildActionMask = 2147483647;
			files = (
				5759E67E24DB717400C8A2D7 /* Material.metal in Sources */,
				573DD1092432B9D900B09B0A /* Render.metal in Sources */,
				575F7DBB242469C300DA5F33 /* TracerWindowController.swift in Sources */,
				573DD1122433AA9900B09B0A /* Random.metal in Sources */,
				5759E68024DB723D00C8A2D7 /* HItRecord.metal in Sources */,
				571C09602439267700DA0BAC /* Tracer.mm in Sources */,
				5749BCA32435005B002B60E4 /* Scatter.metal in Sources */,
				57DD356C241EEC110094632B /* TracerViewController.swift in Sources */,
				5759E67524DB496600C8A2D7 /* Camera.metal in Sources */,
				57DD356A241EEC110094632B /* AppDelegate.swift in Sources */,
				5759E68424DCAC1E00C8A2D7 /* Noise.metal in Sources */,
				57C64C7C24E1549B0054AB8C /* AAPLMesh.m in Sources */,
				571FF88B246367E4002DDF02 /* AAPLRenderer.mm in Sources */,
			);
			runOnlyForDeploymentPostprocessing = 0;
		};
/* End PBXSourcesBuildPhase section */

/* Begin PBXVariantGroup section */
		57874FC324DDF37100080AB7 /* Main.storyboard */ = {
			isa = PBXVariantGroup;
			children = (
				57874FC424DDF37100080AB7 /* Base */,
			);
			name = Main.storyboard;
			sourceTree = "<group>";
		};
		57874FC824DDF37200080AB7 /* LaunchScreen.storyboard */ = {
			isa = PBXVariantGroup;
			children = (
				57874FC924DDF37200080AB7 /* Base */,
			);
			name = LaunchScreen.storyboard;
			sourceTree = "<group>";
		};
		57DD356F241EEC140094632B /* Main.storyboard */ = {
			isa = PBXVariantGroup;
			children = (
				57DD3570241EEC140094632B /* Base */,
			);
			name = Main.storyboard;
			sourceTree = "<group>";
		};
/* End PBXVariantGroup section */

/* Begin XCBuildConfiguration section */
		57874FCC24DDF37200080AB7 /* Debug */ = {
			isa = XCBuildConfiguration;
			buildSettings = {
				ASSETCATALOG_COMPILER_APPICON_NAME = AppIcon;
				ASSETCATALOG_COMPILER_GLOBAL_ACCENT_COLOR_NAME = AccentColor;
				CLANG_CXX_LANGUAGE_STANDARD = "gnu++14";
				CODE_SIGN_STYLE = Automatic;
				DEVELOPMENT_TEAM = DPLD6QA2D7;
				INFOPLIST_FILE = "Tracer-iOS/Info.plist";
				IPHONEOS_DEPLOYMENT_TARGET = 13.0;
				LD_RUNPATH_SEARCH_PATHS = (
					"$(inherited)",
					"@executable_path/Frameworks",
				);
				PRODUCT_BUNDLE_IDENTIFIER = "IA.Tracer-iOS";
				PRODUCT_NAME = "$(TARGET_NAME)";
				SDKROOT = iphoneos;
				SWIFT_OBJC_BRIDGING_HEADER = "Metal/Tracer-Bridging-Header.h";
				SWIFT_VERSION = 5.0;
				TARGETED_DEVICE_FAMILY = "1,2";
			};
			name = Debug;
		};
		57874FCD24DDF37200080AB7 /* Release */ = {
			isa = XCBuildConfiguration;
			buildSettings = {
				ASSETCATALOG_COMPILER_APPICON_NAME = AppIcon;
				ASSETCATALOG_COMPILER_GLOBAL_ACCENT_COLOR_NAME = AccentColor;
				CLANG_CXX_LANGUAGE_STANDARD = "gnu++14";
				CODE_SIGN_IDENTITY = "Apple Development";
				CODE_SIGN_STYLE = Manual;
				DEVELOPMENT_TEAM = "";
				INFOPLIST_FILE = "Tracer-iOS/Info.plist";
				IPHONEOS_DEPLOYMENT_TARGET = 13.0;
				LD_RUNPATH_SEARCH_PATHS = (
					"$(inherited)",
					"@executable_path/Frameworks",
				);
				PRODUCT_BUNDLE_IDENTIFIER = "IA.Tracer-iOS";
				PRODUCT_NAME = "$(TARGET_NAME)";
				PROVISIONING_PROFILE_SPECIFIER = "";
				SDKROOT = iphoneos;
				SWIFT_OBJC_BRIDGING_HEADER = "Metal/Tracer-Bridging-Header.h";
				SWIFT_VERSION = 5.0;
				TARGETED_DEVICE_FAMILY = "1,2";
				VALIDATE_PRODUCT = YES;
			};
			name = Release;
		};
		57DD3574241EEC140094632B /* Debug */ = {
			isa = XCBuildConfiguration;
			buildSettings = {
				ALWAYS_SEARCH_USER_PATHS = NO;
				CLANG_ANALYZER_NONNULL = YES;
				CLANG_ANALYZER_NUMBER_OBJECT_CONVERSION = YES_AGGRESSIVE;
				CLANG_CXX_LANGUAGE_STANDARD = "compiler-default";
				CLANG_CXX_LIBRARY = "libc++";
				CLANG_ENABLE_MODULES = YES;
				CLANG_ENABLE_OBJC_ARC = YES;
				CLANG_ENABLE_OBJC_WEAK = YES;
				CLANG_WARN_BLOCK_CAPTURE_AUTORELEASING = YES;
				CLANG_WARN_BOOL_CONVERSION = YES;
				CLANG_WARN_COMMA = YES;
				CLANG_WARN_CONSTANT_CONVERSION = YES;
				CLANG_WARN_DEPRECATED_OBJC_IMPLEMENTATIONS = YES;
				CLANG_WARN_DIRECT_OBJC_ISA_USAGE = YES_ERROR;
				CLANG_WARN_DOCUMENTATION_COMMENTS = YES;
				CLANG_WARN_EMPTY_BODY = YES;
				CLANG_WARN_ENUM_CONVERSION = YES;
				CLANG_WARN_INFINITE_RECURSION = YES;
				CLANG_WARN_INT_CONVERSION = YES;
				CLANG_WARN_NON_LITERAL_NULL_CONVERSION = YES;
				CLANG_WARN_OBJC_IMPLICIT_RETAIN_SELF = YES;
				CLANG_WARN_OBJC_LITERAL_CONVERSION = YES;
				CLANG_WARN_OBJC_ROOT_CLASS = YES_ERROR;
				CLANG_WARN_QUOTED_INCLUDE_IN_FRAMEWORK_HEADER = YES;
				CLANG_WARN_RANGE_LOOP_ANALYSIS = YES;
				CLANG_WARN_STRICT_PROTOTYPES = YES;
				CLANG_WARN_SUSPICIOUS_MOVE = YES;
				CLANG_WARN_UNGUARDED_AVAILABILITY = YES_AGGRESSIVE;
				CLANG_WARN_UNREACHABLE_CODE = YES;
				CLANG_WARN__DUPLICATE_METHOD_MATCH = YES;
				COPY_PHASE_STRIP = NO;
				DEBUG_INFORMATION_FORMAT = dwarf;
				ENABLE_STRICT_OBJC_MSGSEND = YES;
				ENABLE_TESTABILITY = YES;
				GCC_C_LANGUAGE_STANDARD = gnu11;
				GCC_DYNAMIC_NO_PIC = NO;
				GCC_NO_COMMON_BLOCKS = YES;
				GCC_OPTIMIZATION_LEVEL = 0;
				GCC_PREPROCESSOR_DEFINITIONS = (
					"DEBUG=1",
					"$(inherited)",
				);
				GCC_WARN_64_TO_32_BIT_CONVERSION = YES;
				GCC_WARN_ABOUT_RETURN_TYPE = YES_ERROR;
				GCC_WARN_UNDECLARED_SELECTOR = YES;
				GCC_WARN_UNINITIALIZED_AUTOS = YES_AGGRESSIVE;
				GCC_WARN_UNUSED_FUNCTION = YES;
				GCC_WARN_UNUSED_VARIABLE = YES;
				MACOSX_DEPLOYMENT_TARGET = 10.15;
				MTL_ENABLE_DEBUG_INFO = INCLUDE_SOURCE;
				MTL_FAST_MATH = YES;
				ONLY_ACTIVE_ARCH = YES;
				SDKROOT = macosx;
				SWIFT_ACTIVE_COMPILATION_CONDITIONS = DEBUG;
				SWIFT_OPTIMIZATION_LEVEL = "-Onone";
			};
			name = Debug;
		};
		57DD3575241EEC140094632B /* Release */ = {
			isa = XCBuildConfiguration;
			buildSettings = {
				ALWAYS_SEARCH_USER_PATHS = NO;
				CLANG_ANALYZER_NONNULL = YES;
				CLANG_ANALYZER_NUMBER_OBJECT_CONVERSION = YES_AGGRESSIVE;
				CLANG_CXX_LANGUAGE_STANDARD = "compiler-default";
				CLANG_CXX_LIBRARY = "libc++";
				CLANG_ENABLE_MODULES = YES;
				CLANG_ENABLE_OBJC_ARC = YES;
				CLANG_ENABLE_OBJC_WEAK = YES;
				CLANG_WARN_BLOCK_CAPTURE_AUTORELEASING = YES;
				CLANG_WARN_BOOL_CONVERSION = YES;
				CLANG_WARN_COMMA = YES;
				CLANG_WARN_CONSTANT_CONVERSION = YES;
				CLANG_WARN_DEPRECATED_OBJC_IMPLEMENTATIONS = YES;
				CLANG_WARN_DIRECT_OBJC_ISA_USAGE = YES_ERROR;
				CLANG_WARN_DOCUMENTATION_COMMENTS = YES;
				CLANG_WARN_EMPTY_BODY = YES;
				CLANG_WARN_ENUM_CONVERSION = YES;
				CLANG_WARN_INFINITE_RECURSION = YES;
				CLANG_WARN_INT_CONVERSION = YES;
				CLANG_WARN_NON_LITERAL_NULL_CONVERSION = YES;
				CLANG_WARN_OBJC_IMPLICIT_RETAIN_SELF = YES;
				CLANG_WARN_OBJC_LITERAL_CONVERSION = YES;
				CLANG_WARN_OBJC_ROOT_CLASS = YES_ERROR;
				CLANG_WARN_QUOTED_INCLUDE_IN_FRAMEWORK_HEADER = YES;
				CLANG_WARN_RANGE_LOOP_ANALYSIS = YES;
				CLANG_WARN_STRICT_PROTOTYPES = YES;
				CLANG_WARN_SUSPICIOUS_MOVE = YES;
				CLANG_WARN_UNGUARDED_AVAILABILITY = YES_AGGRESSIVE;
				CLANG_WARN_UNREACHABLE_CODE = YES;
				CLANG_WARN__DUPLICATE_METHOD_MATCH = YES;
				COPY_PHASE_STRIP = NO;
				DEBUG_INFORMATION_FORMAT = "dwarf-with-dsym";
				ENABLE_NS_ASSERTIONS = NO;
				ENABLE_STRICT_OBJC_MSGSEND = YES;
				GCC_C_LANGUAGE_STANDARD = gnu11;
				GCC_NO_COMMON_BLOCKS = YES;
				GCC_WARN_64_TO_32_BIT_CONVERSION = YES;
				GCC_WARN_ABOUT_RETURN_TYPE = YES_ERROR;
				GCC_WARN_UNDECLARED_SELECTOR = YES;
				GCC_WARN_UNINITIALIZED_AUTOS = YES_AGGRESSIVE;
				GCC_WARN_UNUSED_FUNCTION = YES;
				GCC_WARN_UNUSED_VARIABLE = YES;
				MACOSX_DEPLOYMENT_TARGET = 10.15;
				MTL_ENABLE_DEBUG_INFO = NO;
				MTL_FAST_MATH = YES;
				SDKROOT = macosx;
				SWIFT_COMPILATION_MODE = wholemodule;
				SWIFT_OPTIMIZATION_LEVEL = "-O";
			};
			name = Release;
		};
		57DD3577241EEC140094632B /* Debug */ = {
			isa = XCBuildConfiguration;
			buildSettings = {
				ASSETCATALOG_COMPILER_APPICON_NAME = AppIcon;
				CLANG_CXX_LANGUAGE_STANDARD = "c++14";
				CLANG_ENABLE_MODULES = YES;
				CODE_SIGN_ENTITLEMENTS = Tracer/Tracer.entitlements;
				CODE_SIGN_IDENTITY = "-";
				CODE_SIGN_STYLE = Automatic;
				COMBINE_HIDPI_IMAGES = YES;
				DEVELOPMENT_TEAM = "";
				INFOPLIST_FILE = Tracer/Info.plist;
				LD_RUNPATH_SEARCH_PATHS = (
					"$(inherited)",
					"@executable_path/../Frameworks",
				);
				MACOSX_DEPLOYMENT_TARGET = 10.14;
				ONLY_ACTIVE_ARCH = NO;
				OTHER_LDFLAGS = "-Wl,-stack_size,10000000";
				PRODUCT_BUNDLE_IDENTIFIER = IA.Tracer;
				PRODUCT_NAME = "$(TARGET_NAME)";
				PROVISIONING_PROFILE_SPECIFIER = "";
				SWIFT_OBJC_BRIDGING_HEADER = "Metal/Tracer-Bridging-Header.h";
				SWIFT_OPTIMIZATION_LEVEL = "-Onone";
				SWIFT_VERSION = 5.0;
			};
			name = Debug;
		};
		57DD3578241EEC140094632B /* Release */ = {
			isa = XCBuildConfiguration;
			buildSettings = {
				ASSETCATALOG_COMPILER_APPICON_NAME = AppIcon;
				CLANG_CXX_LANGUAGE_STANDARD = "c++14";
				CLANG_ENABLE_MODULES = YES;
				CODE_SIGN_ENTITLEMENTS = Tracer/Tracer.entitlements;
				CODE_SIGN_IDENTITY = "-";
				CODE_SIGN_STYLE = Automatic;
				COMBINE_HIDPI_IMAGES = YES;
				DEVELOPMENT_TEAM = "";
				INFOPLIST_FILE = Tracer/Info.plist;
				LD_RUNPATH_SEARCH_PATHS = (
					"$(inherited)",
					"@executable_path/../Frameworks",
				);
				MACOSX_DEPLOYMENT_TARGET = 10.14;
				OTHER_LDFLAGS = "-Wl,-stack_size,10000000";
				PRODUCT_BUNDLE_IDENTIFIER = IA.Tracer;
				PRODUCT_NAME = "$(TARGET_NAME)";
				PROVISIONING_PROFILE_SPECIFIER = "";
				SWIFT_OBJC_BRIDGING_HEADER = "Metal/Tracer-Bridging-Header.h";
				SWIFT_VERSION = 5.0;
			};
			name = Release;
		};
/* End XCBuildConfiguration section */

/* Begin XCConfigurationList section */
		57874FCE24DDF37200080AB7 /* Build configuration list for PBXNativeTarget "Tracer-iOS" */ = {
			isa = XCConfigurationList;
			buildConfigurations = (
				57874FCC24DDF37200080AB7 /* Debug */,
				57874FCD24DDF37200080AB7 /* Release */,
			);
			defaultConfigurationIsVisible = 0;
			defaultConfigurationName = Release;
		};
		57DD3561241EEC110094632B /* Build configuration list for PBXProject "Tracer" */ = {
			isa = XCConfigurationList;
			buildConfigurations = (
				57DD3574241EEC140094632B /* Debug */,
				57DD3575241EEC140094632B /* Release */,
			);
			defaultConfigurationIsVisible = 0;
			defaultConfigurationName = Release;
		};
		57DD3576241EEC140094632B /* Build configuration list for PBXNativeTarget "Tracer" */ = {
			isa = XCConfigurationList;
			buildConfigurations = (
				57DD3577241EEC140094632B /* Debug */,
				57DD3578241EEC140094632B /* Release */,
			);
			defaultConfigurationIsVisible = 0;
			defaultConfigurationName = Release;
		};
/* End XCConfigurationList section */
	};
	rootObject = 57DD355E241EEC110094632B /* Project object */;
}
